# This file is automatically @generated by Cargo.
# It is not intended for manual editing.
version = 4

[[package]]
name = "use-address"
version = "0.1.0"

[[package]]
name = "use-boundary"
version = "0.1.0"

[[package]]
name = "use-elevation"
version = "0.1.0"

[[package]]
name = "use-geo-coordinate"
version = "0.1.0"

[[package]]
name = "use-geographic-region"
version = "0.1.0"

[[package]]
name = "use-geographical-projection"
version = "0.1.0"

[[package]]
name = "use-geography"
version = "0.1.0"
dependencies = [
 "use-address",
 "use-boundary",
 "use-elevation",
 "use-geo-coordinate",
 "use-geographic-region",
 "use-geographical-projection",
 "use-map-scale",
 "use-place",
 "use-spatial-reference",
]

[[package]]
name = "use-map-scale"
version = "0.1.0"

[[package]]
name = "use-place"
version = "0.1.0"

[[package]]
name = "use-spatial-reference"
version = "0.1.0"
